
Microsoft Visual Studio Solution File, Format Version 12.00
# Visual Studio 15
VisualStudioVersion = 15.0.26403.7
MinimumVisualStudioVersion = 10.0.40219.1
Project("{FAE04EC0-301F-11D3-BF4B-00C04F79EFBC}") = "Opportunity.MvvmUniverse", "Opportunity.MvvmUniverse\Opportunity.MvvmUniverse.csproj", "{6D61BE50-8FD4-4457-8A8A-CC21859D03C0}"
EndProject
Project("{FAE04EC0-301F-11D3-BF4B-00C04F79EFBC}") = "Opportunity.MvvmUniverse.Test", "Opportunity.MvvmUniverse.Test\Opportunity.MvvmUniverse.Test.csproj", "{2A9F8E46-0562-453E-BD93-1CE6547098F9}"
EndProject
Global
	GlobalSection(SolutionConfigurationPlatforms) = preSolution
		Debug|Any CPU = Debug|Any CPU
		Debug|ARM = Debug|ARM
		Debug|x64 = Debug|x64
		Debug|x86 = Debug|x86
		Release|Any CPU = Release|Any CPU
		Release|ARM = Release|ARM
		Release|x64 = Release|x64
		Release|x86 = Release|x86
	EndGlobalSection
	GlobalSection(ProjectConfigurationPlatforms) = postSolution
		{6D61BE50-8FD4-4457-8A8A-CC21859D03C0}.Debug|Any CPU.ActiveCfg = Debug|Any CPU
		{6D61BE50-8FD4-4457-8A8A-CC21859D03C0}.Debug|Any CPU.Build.0 = Debug|Any CPU
		{6D61BE50-8FD4-4457-8A8A-CC21859D03C0}.Debug|ARM.ActiveCfg = Debug|ARM
		{6D61BE50-8FD4-4457-8A8A-CC21859D03C0}.Debug|ARM.Build.0 = Debug|ARM
		{6D61BE50-8FD4-4457-8A8A-CC21859D03C0}.Debug|x64.ActiveCfg = Debug|x64
		{6D61BE50-8FD4-4457-8A8A-CC21859D03C0}.Debug|x64.Build.0 = Debug|x64
		{6D61BE50-8FD4-4457-8A8A-CC21859D03C0}.Debug|x86.ActiveCfg = Debug|x86
		{6D61BE50-8FD4-4457-8A8A-CC21859D03C0}.Debug|x86.Build.0 = Debug|x86
		{6D61BE50-8FD4-4457-8A8A-CC21859D03C0}.Release|Any CPU.ActiveCfg = Release|Any CPU
		{6D61BE50-8FD4-4457-8A8A-CC21859D03C0}.Release|Any CPU.Build.0 = Release|Any CPU
		{6D61BE50-8FD4-4457-8A8A-CC21859D03C0}.Release|ARM.ActiveCfg = Release|ARM
		{6D61BE50-8FD4-4457-8A8A-CC21859D03C0}.Release|ARM.Build.0 = Release|ARM
		{6D61BE50-8FD4-4457-8A8A-CC21859D03C0}.Release|x64.ActiveCfg = Release|x64
		{6D61BE50-8FD4-4457-8A8A-CC21859D03C0}.Release|x64.Build.0 = Release|x64
		{6D61BE50-8FD4-4457-8A8A-CC21859D03C0}.Release|x86.ActiveCfg = Release|x86
		{6D61BE50-8FD4-4457-8A8A-CC21859D03C0}.Release|x86.Build.0 = Release|x86
		{2A9F8E46-0562-453E-BD93-1CE6547098F9}.Debug|Any CPU.ActiveCfg = Debug|x86
		{2A9F8E46-0562-453E-BD93-1CE6547098F9}.Debug|ARM.ActiveCfg = Debug|ARM
		{2A9F8E46-0562-453E-BD93-1CE6547098F9}.Debug|ARM.Build.0 = Debug|ARM
		{2A9F8E46-0562-453E-BD93-1CE6547098F9}.Debug|ARM.Deploy.0 = Debug|ARM
		{2A9F8E46-0562-453E-BD93-1CE6547098F9}.Debug|x64.ActiveCfg = Debug|x64
		{2A9F8E46-0562-453E-BD93-1CE6547098F9}.Debug|x64.Build.0 = Debug|x64
		{2A9F8E46-0562-453E-BD93-1CE6547098F9}.Debug|x64.Deploy.0 = Debug|x64
		{2A9F8E46-0562-453E-BD93-1CE6547098F9}.Debug|x86.ActiveCfg = Debug|x86
		{2A9F8E46-0562-453E-BD93-1CE6547098F9}.Debug|x86.Build.0 = Debug|x86
		{2A9F8E46-0562-453E-BD93-1CE6547098F9}.Debug|x86.Deploy.0 = Debug|x86
		{2A9F8E46-0562-453E-BD93-1CE6547098F9}.Release|Any CPU.ActiveCfg = Release|x86
		{2A9F8E46-0562-453E-BD93-1CE6547098F9}.Release|ARM.ActiveCfg = Release|ARM
		{2A9F8E46-0562-453E-BD93-1CE6547098F9}.Release|ARM.Build.0 = Release|ARM
		{2A9F8E46-0562-453E-BD93-1CE6547098F9}.Release|ARM.Deploy.0 = Release|ARM
		{2A9F8E46-0562-453E-BD93-1CE6547098F9}.Release|x64.ActiveCfg = Release|x64
		{2A9F8E46-0562-453E-BD93-1CE6547098F9}.Release|x64.Build.0 = Release|x64
		{2A9F8E46-0562-453E-BD93-1CE6547098F9}.Release|x64.Deploy.0 = Release|x64
		{2A9F8E46-0562-453E-BD93-1CE6547098F9}.Release|x86.ActiveCfg = Release|x86
		{2A9F8E46-0562-453E-BD93-1CE6547098F9}.Release|x86.Build.0 = Release|x86
		{2A9F8E46-0562-453E-BD93-1CE6547098F9}.Release|x86.Deploy.0 = Release|x86
	EndGlobalSection
	GlobalSection(SolutionProperties) = preSolution
		HideSolutionNode = FALSE
	EndGlobalSection
EndGlobal
