
Microsoft Visual Studio Solution File, Format Version 12.00
# Visual Studio 15
VisualStudioVersion = 15.0.27130.2026
MinimumVisualStudioVersion = 10.0.40219.1
Project("{FAE04EC0-301F-11D3-BF4B-00C04F79EFBC}") = "Opportunity.MvvmUniverse.Test", "Opportunity.MvvmUniverse.Test\Opportunity.MvvmUniverse.Test.csproj", "{2A9F8E46-0562-453E-BD93-1CE6547098F9}"
EndProject
Project("{FAE04EC0-301F-11D3-BF4B-00C04F79EFBC}") = "Opportunity.MvvmUniverse", "Opportunity.MvvmUniverse\Opportunity.MvvmUniverse.csproj", "{8765DF3E-15E1-448D-8017-AECBDAD97908}"
EndProject
Global
	GlobalSection(SolutionConfigurationPlatforms) = preSolution
		Debug|Any CPU = Debug|Any CPU
		Debug|ARM = Debug|ARM
		Debug|x64 = Debug|x64
		Debug|x86 = Debug|x86
		Release|Any CPU = Release|Any CPU
		Release|ARM = Release|ARM
		Release|x64 = Release|x64
		Release|x86 = Release|x86
	EndGlobalSection
	GlobalSection(ProjectConfigurationPlatforms) = postSolution
		{2A9F8E46-0562-453E-BD93-1CE6547098F9}.Debug|Any CPU.ActiveCfg = Debug|x64
		{2A9F8E46-0562-453E-BD93-1CE6547098F9}.Debug|Any CPU.Build.0 = Debug|x64
		{2A9F8E46-0562-453E-BD93-1CE6547098F9}.Debug|Any CPU.Deploy.0 = Debug|x64
		{2A9F8E46-0562-453E-BD93-1CE6547098F9}.Debug|ARM.ActiveCfg = Debug|ARM
		{2A9F8E46-0562-453E-BD93-1CE6547098F9}.Debug|ARM.Build.0 = Debug|ARM
		{2A9F8E46-0562-453E-BD93-1CE6547098F9}.Debug|ARM.Deploy.0 = Debug|ARM
		{2A9F8E46-0562-453E-BD93-1CE6547098F9}.Debug|x64.ActiveCfg = Debug|x64
		{2A9F8E46-0562-453E-BD93-1CE6547098F9}.Debug|x64.Build.0 = Debug|x64
		{2A9F8E46-0562-453E-BD93-1CE6547098F9}.Debug|x64.Deploy.0 = Debug|x64
		{2A9F8E46-0562-453E-BD93-1CE6547098F9}.Debug|x86.ActiveCfg = Debug|x86
		{2A9F8E46-0562-453E-BD93-1CE6547098F9}.Debug|x86.Build.0 = Debug|x86
		{2A9F8E46-0562-453E-BD93-1CE6547098F9}.Debug|x86.Deploy.0 = Debug|x86
		{2A9F8E46-0562-453E-BD93-1CE6547098F9}.Release|Any CPU.ActiveCfg = Debug|x64
		{2A9F8E46-0562-453E-BD93-1CE6547098F9}.Release|Any CPU.Build.0 = Debug|x64
		{2A9F8E46-0562-453E-BD93-1CE6547098F9}.Release|Any CPU.Deploy.0 = Debug|x64
		{2A9F8E46-0562-453E-BD93-1CE6547098F9}.Release|ARM.ActiveCfg = Debug|ARM
		{2A9F8E46-0562-453E-BD93-1CE6547098F9}.Release|ARM.Build.0 = Debug|ARM
		{2A9F8E46-0562-453E-BD93-1CE6547098F9}.Release|ARM.Deploy.0 = Debug|ARM
		{2A9F8E46-0562-453E-BD93-1CE6547098F9}.Release|x64.ActiveCfg = Debug|x64
		{2A9F8E46-0562-453E-BD93-1CE6547098F9}.Release|x64.Build.0 = Debug|x64
		{2A9F8E46-0562-453E-BD93-1CE6547098F9}.Release|x64.Deploy.0 = Debug|x64
		{2A9F8E46-0562-453E-BD93-1CE6547098F9}.Release|x86.ActiveCfg = Debug|x86
		{2A9F8E46-0562-453E-BD93-1CE6547098F9}.Release|x86.Build.0 = Debug|x86
		{2A9F8E46-0562-453E-BD93-1CE6547098F9}.Release|x86.Deploy.0 = Debug|x86
		{8765DF3E-15E1-448D-8017-AECBDAD97908}.Debug|Any CPU.ActiveCfg = Debug|Any CPU
		{8765DF3E-15E1-448D-8017-AECBDAD97908}.Debug|Any CPU.Build.0 = Debug|Any CPU
		{8765DF3E-15E1-448D-8017-AECBDAD97908}.Debug|ARM.ActiveCfg = Debug|Any CPU
		{8765DF3E-15E1-448D-8017-AECBDAD97908}.Debug|ARM.Build.0 = Debug|Any CPU
		{8765DF3E-15E1-448D-8017-AECBDAD97908}.Debug|x64.ActiveCfg = Debug|Any CPU
		{8765DF3E-15E1-448D-8017-AECBDAD97908}.Debug|x64.Build.0 = Debug|Any CPU
		{8765DF3E-15E1-448D-8017-AECBDAD97908}.Debug|x86.ActiveCfg = Debug|Any CPU
		{8765DF3E-15E1-448D-8017-AECBDAD97908}.Debug|x86.Build.0 = Debug|Any CPU
		{8765DF3E-15E1-448D-8017-AECBDAD97908}.Release|Any CPU.ActiveCfg = Release|Any CPU
		{8765DF3E-15E1-448D-8017-AECBDAD97908}.Release|Any CPU.Build.0 = Release|Any CPU
		{8765DF3E-15E1-448D-8017-AECBDAD97908}.Release|ARM.ActiveCfg = Release|Any CPU
		{8765DF3E-15E1-448D-8017-AECBDAD97908}.Release|ARM.Build.0 = Release|Any CPU
		{8765DF3E-15E1-448D-8017-AECBDAD97908}.Release|x64.ActiveCfg = Release|Any CPU
		{8765DF3E-15E1-448D-8017-AECBDAD97908}.Release|x64.Build.0 = Release|Any CPU
		{8765DF3E-15E1-448D-8017-AECBDAD97908}.Release|x86.ActiveCfg = Release|Any CPU
		{8765DF3E-15E1-448D-8017-AECBDAD97908}.Release|x86.Build.0 = Release|Any CPU
	EndGlobalSection
	GlobalSection(SolutionProperties) = preSolution
		HideSolutionNode = FALSE
	EndGlobalSection
	GlobalSection(ExtensibilityGlobals) = postSolution
		SolutionGuid = {A1C87553-AAA3-41F1-8E15-CAF8187DA07B}
	EndGlobalSection
EndGlobal
